
Microsoft Visual Studio Solution File, Format Version 12.00
# Visual Studio Version 16
VisualStudioVersion = 16.0.29806.167
MinimumVisualStudioVersion = 10.0.40219.1
Project("{FAE04EC0-301F-11D3-BF4B-00C04F79EFBC}") = "QuanLyKhachSan", "QuanLyKhachSan.csproj", "{43096B24-98EB-4BEB-A0C4-9AA70C098DEE}"
EndProject
Global
	GlobalSection(SolutionConfigurationPlatforms) = preSolution
		Debug|Any CPU = Debug|Any CPU
		Release|Any CPU = Release|Any CPU
	EndGlobalSection
	GlobalSection(ProjectConfigurationPlatforms) = postSolution
		{43096B24-98EB-4BEB-A0C4-9AA70C098DEE}.Debug|Any CPU.ActiveCfg = Debug|Any CPU
		{43096B24-98EB-4BEB-A0C4-9AA70C098DEE}.Debug|Any CPU.Build.0 = Debug|Any CPU
		{43096B24-98EB-4BEB-A0C4-9AA70C098DEE}.Release|Any CPU.ActiveCfg = Release|Any CPU
		{43096B24-98EB-4BEB-A0C4-9AA70C098DEE}.Release|Any CPU.Build.0 = Release|Any CPU
	EndGlobalSection
	GlobalSection(SolutionProperties) = preSolution
		HideSolutionNode = FALSE
	EndGlobalSection
	GlobalSection(ExtensibilityGlobals) = postSolution
		SolutionGuid = {5AA43741-3B33-4B41-9534-4AB58884BAFF}
	EndGlobalSection
EndGlobal
